
Microsoft Visual Studio Solution File, Format Version 12.00
# Visual Studio 2012
Project("{8BC9CEB8-8B4A-11D0-8D11-00A0C91BC942}") = "Project1", "Project1\Project1.vcxproj", "{68549A60-C4B0-4B67-AB4E-1061547D454C}"
EndProject
Global
	GlobalSection(SolutionConfigurationPlatforms) = preSolution
		Debug|Win32 = Debug|Win32
		Release|Win32 = Release|Win32
	EndGlobalSection
	GlobalSection(ProjectConfigurationPlatforms) = postSolution
		{68549A60-C4B0-4B67-AB4E-1061547D454C}.Debug|Win32.ActiveCfg = Debug|Win32
		{68549A60-C4B0-4B67-AB4E-1061547D454C}.Debug|Win32.Build.0 = Debug|Win32
		{68549A60-C4B0-4B67-AB4E-1061547D454C}.Release|Win32.ActiveCfg = Release|Win32
		{68549A60-C4B0-4B67-AB4E-1061547D454C}.Release|Win32.Build.0 = Release|Win32
	EndGlobalSection
	GlobalSection(SolutionProperties) = preSolution
		HideSolutionNode = FALSE
	EndGlobalSection
EndGlobal
