
Microsoft Visual Studio Solution File, Format Version 12.00
# Visual Studio 15
VisualStudioVersion = 15.0.28307.1433
MinimumVisualStudioVersion = 10.0.40219.1
Project("{8BC9CEB8-8B4A-11D0-8D11-00A0C91BC942}") = "冒泡排序模板", "冒泡排序模板\冒泡排序模板.vcxproj", "{355D6622-EC82-4EC3-B171-776A1442502E}"
EndProject
Global
	GlobalSection(SolutionConfigurationPlatforms) = preSolution
		Debug|x64 = Debug|x64
		Debug|x86 = Debug|x86
		Release|x64 = Release|x64
		Release|x86 = Release|x86
	EndGlobalSection
	GlobalSection(ProjectConfigurationPlatforms) = postSolution
		{355D6622-EC82-4EC3-B171-776A1442502E}.Debug|x64.ActiveCfg = Debug|x64
		{355D6622-EC82-4EC3-B171-776A1442502E}.Debug|x64.Build.0 = Debug|x64
		{355D6622-EC82-4EC3-B171-776A1442502E}.Debug|x86.ActiveCfg = Debug|Win32
		{355D6622-EC82-4EC3-B171-776A1442502E}.Debug|x86.Build.0 = Debug|Win32
		{355D6622-EC82-4EC3-B171-776A1442502E}.Release|x64.ActiveCfg = Release|x64
		{355D6622-EC82-4EC3-B171-776A1442502E}.Release|x64.Build.0 = Release|x64
		{355D6622-EC82-4EC3-B171-776A1442502E}.Release|x86.ActiveCfg = Release|Win32
		{355D6622-EC82-4EC3-B171-776A1442502E}.Release|x86.Build.0 = Release|Win32
	EndGlobalSection
	GlobalSection(SolutionProperties) = preSolution
		HideSolutionNode = FALSE
	EndGlobalSection
	GlobalSection(ExtensibilityGlobals) = postSolution
		SolutionGuid = {E0951756-F9E1-43A8-98BD-6CADDAF1B0A2}
	EndGlobalSection
EndGlobal
