
Microsoft Visual Studio Solution File, Format Version 12.00
# Visual Studio 15
VisualStudioVersion = 15.0.28307.1433
MinimumVisualStudioVersion = 10.0.40219.1
Project("{8BC9CEB8-8B4A-11D0-8D11-00A0C91BC942}") = "Project1", "Project1\Project1.vcxproj", "{0E83D772-86C3-4216-A438-7BE56948A55A}"
EndProject
Global
	GlobalSection(SolutionConfigurationPlatforms) = preSolution
		Debug|x64 = Debug|x64
		Debug|x86 = Debug|x86
		Release|x64 = Release|x64
		Release|x86 = Release|x86
	EndGlobalSection
	GlobalSection(ProjectConfigurationPlatforms) = postSolution
		{0E83D772-86C3-4216-A438-7BE56948A55A}.Debug|x64.ActiveCfg = Debug|x64
		{0E83D772-86C3-4216-A438-7BE56948A55A}.Debug|x64.Build.0 = Debug|x64
		{0E83D772-86C3-4216-A438-7BE56948A55A}.Debug|x86.ActiveCfg = Debug|Win32
		{0E83D772-86C3-4216-A438-7BE56948A55A}.Debug|x86.Build.0 = Debug|Win32
		{0E83D772-86C3-4216-A438-7BE56948A55A}.Release|x64.ActiveCfg = Release|x64
		{0E83D772-86C3-4216-A438-7BE56948A55A}.Release|x64.Build.0 = Release|x64
		{0E83D772-86C3-4216-A438-7BE56948A55A}.Release|x86.ActiveCfg = Release|Win32
		{0E83D772-86C3-4216-A438-7BE56948A55A}.Release|x86.Build.0 = Release|Win32
	EndGlobalSection
	GlobalSection(SolutionProperties) = preSolution
		HideSolutionNode = FALSE
	EndGlobalSection
	GlobalSection(ExtensibilityGlobals) = postSolution
		SolutionGuid = {44DD44F3-BEDE-4296-A835-D41410CDB97A}
	EndGlobalSection
EndGlobal
